
Microsoft Visual Studio Solution File, Format Version 12.00
# Visual Studio Version 17
VisualStudioVersion = 17.3.32929.385
MinimumVisualStudioVersion = 10.0.40219.1
Project("{FAE04EC0-301F-11D3-BF4B-00C04F79EFBC}") = "U3_E9", "U3_E9.csproj", "{DBA61786-5434-4805-A636-0D13516E6E6D}"
EndProject
Global
	GlobalSection(SolutionConfigurationPlatforms) = preSolution
		Debug|Any CPU = Debug|Any CPU
		Release|Any CPU = Release|Any CPU
	EndGlobalSection
	GlobalSection(ProjectConfigurationPlatforms) = postSolution
		{DBA61786-5434-4805-A636-0D13516E6E6D}.Debug|Any CPU.ActiveCfg = Debug|Any CPU
		{DBA61786-5434-4805-A636-0D13516E6E6D}.Debug|Any CPU.Build.0 = Debug|Any CPU
		{DBA61786-5434-4805-A636-0D13516E6E6D}.Release|Any CPU.ActiveCfg = Release|Any CPU
		{DBA61786-5434-4805-A636-0D13516E6E6D}.Release|Any CPU.Build.0 = Release|Any CPU
	EndGlobalSection
	GlobalSection(SolutionProperties) = preSolution
		HideSolutionNode = FALSE
	EndGlobalSection
	GlobalSection(ExtensibilityGlobals) = postSolution
		SolutionGuid = {08002FC5-BF6C-4E80-9FB7-83957C1ED0BC}
	EndGlobalSection
EndGlobal
